{
    "_meta": {
        "hash": {
            "sha256": "70b64e41a4e42e0186abbe22518bc70238036002b68830ee40e81fedad70b13c"
        },
        "pipfile-spec": 6,
        "requires": {
            "python_version": "3.10"
        },
        "sources": [
            {
                "name": "pypi",
                "url": "https://pypi.org/simple",
                "verify_ssl": true
            }
        ]
    },
    "default": {
        "annotated-types": {
            "hashes": [
                "sha256:47cdc3490d9ac1506ce92c7aaa76c579dc3509ff11e098fc867e5130ab7be802",
                "sha256:58da39888f92c276ad970249761ebea80ba544b77acddaa1a4d6cf78287d45fd"
            ],
            "markers": "python_version >= '3.7'",
            "version": "==0.5.0"
        },
        "anyio": {
            "hashes": [
                "sha256:44a3c9aba0f5defa43261a8b3efb97891f2bd7d804e0e1f56419befa1adfc780",
                "sha256:91dee416e570e92c64041bd18b900d1d6fa78dff7048769ce5ac5ddad004fbb5"
            ],
            "markers": "python_version >= '3.7'",
            "version": "==3.7.1"
        },
        "certifi": {
            "hashes": [
                "sha256:539cc1d13202e33ca466e88b2807e29f4c13049d6d87031a3c110744495cb082",
                "sha256:92d6037539857d8206b8f6ae472e8b77db8058fec5937a1ef3f54304089edbb9"
            ],
            "markers": "python_version >= '3.6'",
            "version": "==2023.7.22"
        },
        "colorama": {
            "hashes": [
                "sha256:08695f5cb7ed6e0531a20572697297273c47b8cae5a63ffc6d6ed5c201be6e44",
                "sha256:4f1d9991f5acc0ca119f9d443620b77f9d6b33703e51011c16baf57afb285fc6"
            ],
            "index": "pypi",
            "version": "==0.4.6"
        },
        "colorlog": {
            "hashes": [
                "sha256:0d33ca236784a1ba3ff9c532d4964126d8a2c44f1f0cb1d2b0728196f512f662",
                "sha256:bd94bd21c1e13fac7bd3153f4bc3a7dc0eb0974b8bc2fdf1a989e474f6e582e5"
            ],
            "index": "pypi",
            "version": "==6.7.0"
        },
        "exceptiongroup": {
            "hashes": [
                "sha256:097acd85d473d75af5bb98e41b61ff7fe35efe6675e4f9370ec6ec5126d160e9",
                "sha256:343280667a4585d195ca1cf9cef84a4e178c4b6cf2274caef9859782b567d5e3"
            ],
            "markers": "python_version < '3.11'",
            "version": "==1.1.3"
        },
        "h11": {
            "hashes": [
                "sha256:8f19fbbe99e72420ff35c00b27a34cb9937e902a8b810e2c88300c6f0a3b699d",
                "sha256:e3fe4ac4b851c468cc8363d500db52c2ead036020723024a109d37346efaa761"
            ],
            "markers": "python_version >= '3.7'",
            "version": "==0.14.0"
        },
        "h2": {
            "hashes": [
                "sha256:03a46bcf682256c95b5fd9e9a99c1323584c3eec6440d379b9903d709476bc6d",
                "sha256:a83aca08fbe7aacb79fec788c9c0bac936343560ed9ec18b82a13a12c28d2abb"
            ],
            "index": "pypi",
            "version": "==4.1.0"
        },
        "hpack": {
            "hashes": [
                "sha256:84a076fad3dc9a9f8063ccb8041ef100867b1878b25ef0ee63847a5d53818a6c",
                "sha256:fc41de0c63e687ebffde81187a948221294896f6bdc0ae2312708df339430095"
            ],
            "markers": "python_full_version >= '3.6.1'",
            "version": "==4.0.0"
        },
        "httpcore": {
            "hashes": [
                "sha256:a6f30213335e34c1ade7be6ec7c47f19f50c56db36abef1a9dfa3815b1cb3888",
                "sha256:c2789b767ddddfa2a5782e3199b2b7f6894540b17b16ec26b2c4d8e103510b87"
            ],
            "markers": "python_version >= '3.7'",
            "version": "==0.17.3"
        },
        "httpx": {
            "hashes": [
                "sha256:06781eb9ac53cde990577af654bd990a4949de37a28bdb4a230d434f3a30b9bd",
                "sha256:5853a43053df830c20f8110c5e69fe44d035d850b2dfe795e196f00fdb774bdd"
            ],
            "index": "pypi",
            "version": "==0.24.1"
        },
        "hyperframe": {
            "hashes": [
                "sha256:0ec6bafd80d8ad2195c4f03aacba3a8265e57bc4cff261e802bf39970ed02a15",
                "sha256:ae510046231dc8e9ecb1a6586f63d2347bf4c8905914aa84ba585ae85f28a914"
            ],
            "markers": "python_full_version >= '3.6.1'",
            "version": "==6.0.1"
        },
        "idna": {
            "hashes": [
                "sha256:814f528e8dead7d329833b91c5faa87d60bf71824cd12a7530b5526063d02cb4",
                "sha256:90b77e79eaa3eba6de819a0c442c0b4ceefc341a7a2ab77d7562bf49f425c5c2"
            ],
            "markers": "python_version >= '3.5'",
            "version": "==3.4"
        },
        "jsonpatch": {
            "hashes": [
                "sha256:0ae28c0cd062bbd8b8ecc26d7d164fbbea9652a1a3693f3b956c1eae5145dade",
                "sha256:9fcd4009c41e6d12348b4a0ff2563ba56a2923a7dfee731d004e212e1ee5030c"
            ],
            "index": "pypi",
            "version": "==1.33"
        },
        "jsonpointer": {
            "hashes": [
                "sha256:15d51bba20eea3165644553647711d150376234112651b4f1811022aecad7d7a",
                "sha256:585cee82b70211fa9e6043b7bb89db6e1aa49524340dde8ad6b63206ea689d88"
            ],
            "markers": "python_version >= '2.7' and python_version not in '3.0, 3.1, 3.2, 3.3, 3.4, 3.5, 3.6'",
            "version": "==2.4"
        },
        "pydantic": {
            "hashes": [
                "sha256:1607cc106602284cd4a00882986570472f193fde9cb1259bceeaedb26aa79a6d",
                "sha256:45b5e446c6dfaad9444819a293b921a40e1db1aa61ea08aede0522529ce90e81"
            ],
            "index": "pypi",
            "version": "==2.3.0"
        },
        "pydantic-core": {
            "hashes": [
                "sha256:002d0ea50e17ed982c2d65b480bd975fc41086a5a2f9c924ef8fc54419d1dea3",
                "sha256:02e1c385095efbd997311d85c6021d32369675c09bcbfff3b69d84e59dc103f6",
                "sha256:046af9cfb5384f3684eeb3f58a48698ddab8dd870b4b3f67f825353a14441418",
                "sha256:04fe5c0a43dec39aedba0ec9579001061d4653a9b53a1366b113aca4a3c05ca7",
                "sha256:07a1aec07333bf5adebd8264047d3dc518563d92aca6f2f5b36f505132399efc",
                "sha256:1480fa4682e8202b560dcdc9eeec1005f62a15742b813c88cdc01d44e85308e5",
                "sha256:1508f37ba9e3ddc0189e6ff4e2228bd2d3c3a4641cbe8c07177162f76ed696c7",
                "sha256:171a4718860790f66d6c2eda1d95dd1edf64f864d2e9f9115840840cf5b5713f",
                "sha256:19e20f8baedd7d987bd3f8005c146e6bcbda7cdeefc36fad50c66adb2dd2da48",
                "sha256:1a0ddaa723c48af27d19f27f1c73bdc615c73686d763388c8683fe34ae777bad",
                "sha256:1aa712ba150d5105814e53cb141412217146fedc22621e9acff9236d77d2a5ef",
                "sha256:1ac1750df1b4339b543531ce793b8fd5c16660a95d13aecaab26b44ce11775e9",
                "sha256:1c721bfc575d57305dd922e6a40a8fe3f762905851d694245807a351ad255c58",
                "sha256:1ce8c84051fa292a5dc54018a40e2a1926fd17980a9422c973e3ebea017aa8da",
                "sha256:1fa1f6312fb84e8c281f32b39affe81984ccd484da6e9d65b3d18c202c666149",
                "sha256:22134a4453bd59b7d1e895c455fe277af9d9d9fbbcb9dc3f4a97b8693e7e2c9b",
                "sha256:23470a23614c701b37252618e7851e595060a96a23016f9a084f3f92f5ed5881",
                "sha256:240a015102a0c0cc8114f1cba6444499a8a4d0333e178bc504a5c2196defd456",
                "sha256:252851b38bad3bfda47b104ffd077d4f9604a10cb06fe09d020016a25107bf98",
                "sha256:2a20c533cb80466c1d42a43a4521669ccad7cf2967830ac62c2c2f9cece63e7e",
                "sha256:2dd50d6a1aef0426a1d0199190c6c43ec89812b1f409e7fe44cb0fbf6dfa733c",
                "sha256:340e96c08de1069f3d022a85c2a8c63529fd88709468373b418f4cf2c949fb0e",
                "sha256:3796a6152c545339d3b1652183e786df648ecdf7c4f9347e1d30e6750907f5bb",
                "sha256:37a822f630712817b6ecc09ccc378192ef5ff12e2c9bae97eb5968a6cdf3b862",
                "sha256:3a750a83b2728299ca12e003d73d1264ad0440f60f4fc9cee54acc489249b728",
                "sha256:3c8945a105f1589ce8a693753b908815e0748f6279959a4530f6742e1994dcb6",
                "sha256:3ccc13afee44b9006a73d2046068d4df96dc5b333bf3509d9a06d1b42db6d8bf",
                "sha256:3f90e5e3afb11268628c89f378f7a1ea3f2fe502a28af4192e30a6cdea1e7d5e",
                "sha256:4292ca56751aebbe63a84bbfc3b5717abb09b14d4b4442cc43fd7c49a1529efd",
                "sha256:430ddd965ffd068dd70ef4e4d74f2c489c3a313adc28e829dd7262cc0d2dd1e8",
                "sha256:439a0de139556745ae53f9cc9668c6c2053444af940d3ef3ecad95b079bc9987",
                "sha256:44b4f937b992394a2e81a5c5ce716f3dcc1237281e81b80c748b2da6dd5cf29a",
                "sha256:48c1ed8b02ffea4d5c9c220eda27af02b8149fe58526359b3c07eb391cb353a2",
                "sha256:4ef724a059396751aef71e847178d66ad7fc3fc969a1a40c29f5aac1aa5f8784",
                "sha256:50555ba3cb58f9861b7a48c493636b996a617db1a72c18da4d7f16d7b1b9952b",
                "sha256:522a9c4a4d1924facce7270c84b5134c5cabcb01513213662a2e89cf28c1d309",
                "sha256:5493a7027bfc6b108e17c3383959485087d5942e87eb62bbac69829eae9bc1f7",
                "sha256:56ea80269077003eaa59723bac1d8bacd2cd15ae30456f2890811efc1e3d4413",
                "sha256:5a2a3c9ef904dcdadb550eedf3291ec3f229431b0084666e2c2aa8ff99a103a2",
                "sha256:5cfde4fab34dd1e3a3f7f3db38182ab6c95e4ea91cf322242ee0be5c2f7e3d2f",
                "sha256:5e4a2cf8c4543f37f5dc881de6c190de08096c53986381daebb56a355be5dfe6",
                "sha256:5e9c068f36b9f396399d43bfb6defd4cc99c36215f6ff33ac8b9c14ba15bdf6b",
                "sha256:5ed7ceca6aba5331ece96c0e328cd52f0dcf942b8895a1ed2642de50800b79d3",
                "sha256:5fa159b902d22b283b680ef52b532b29554ea2a7fc39bf354064751369e9dbd7",
                "sha256:615a31b1629e12445c0e9fc8339b41aaa6cc60bd53bf802d5fe3d2c0cda2ae8d",
                "sha256:621afe25cc2b3c4ba05fff53525156d5100eb35c6e5a7cf31d66cc9e1963e378",
                "sha256:6656a0ae383d8cd7cc94e91de4e526407b3726049ce8d7939049cbfa426518c8",
                "sha256:672174480a85386dd2e681cadd7d951471ad0bb028ed744c895f11f9d51b9ebe",
                "sha256:692b4ff5c4e828a38716cfa92667661a39886e71136c97b7dac26edef18767f7",
                "sha256:6bcc1ad776fffe25ea5c187a028991c031a00ff92d012ca1cc4714087e575973",
                "sha256:6bf7d610ac8f0065a286002a23bcce241ea8248c71988bda538edcc90e0c39ad",
                "sha256:75c0ebbebae71ed1e385f7dfd9b74c1cff09fed24a6df43d326dd7f12339ec34",
                "sha256:788be9844a6e5c4612b74512a76b2153f1877cd845410d756841f6c3420230eb",
                "sha256:7dc2ce039c7290b4ef64334ec7e6ca6494de6eecc81e21cb4f73b9b39991408c",
                "sha256:813aab5bfb19c98ae370952b6f7190f1e28e565909bfc219a0909db168783465",
                "sha256:8421cf496e746cf8d6b677502ed9a0d1e4e956586cd8b221e1312e0841c002d5",
                "sha256:84e87c16f582f5c753b7f39a71bd6647255512191be2d2dbf49458c4ef024588",
                "sha256:84f8bb34fe76c68c9d96b77c60cef093f5e660ef8e43a6cbfcd991017d375950",
                "sha256:85cc4d105747d2aa3c5cf3e37dac50141bff779545ba59a095f4a96b0a460e70",
                "sha256:883daa467865e5766931e07eb20f3e8152324f0adf52658f4d302242c12e2c32",
                "sha256:8b2b1bfed698fa410ab81982f681f5b1996d3d994ae8073286515ac4d165c2e7",
                "sha256:8ecbac050856eb6c3046dea655b39216597e373aa8e50e134c0e202f9c47efec",
                "sha256:930bfe73e665ebce3f0da2c6d64455098aaa67e1a00323c74dc752627879fc67",
                "sha256:9616567800bdc83ce136e5847d41008a1d602213d024207b0ff6cab6753fe645",
                "sha256:9680dd23055dd874173a3a63a44e7f5a13885a4cfd7e84814be71be24fba83db",
                "sha256:99faba727727b2e59129c59542284efebbddade4f0ae6a29c8b8d3e1f437beb7",
                "sha256:9a718d56c4d55efcfc63f680f207c9f19c8376e5a8a67773535e6f7e80e93170",
                "sha256:9b33bf9658cb29ac1a517c11e865112316d09687d767d7a0e4a63d5c640d1b17",
                "sha256:9e8b374ef41ad5c461efb7a140ce4730661aadf85958b5c6a3e9cf4e040ff4bb",
                "sha256:9e9b65a55bbabda7fccd3500192a79f6e474d8d36e78d1685496aad5f9dbd92c",
                "sha256:a0b7486d85293f7f0bbc39b34e1d8aa26210b450bbd3d245ec3d732864009819",
                "sha256:a53e3195f134bde03620d87a7e2b2f2046e0e5a8195e66d0f244d6d5b2f6d31b",
                "sha256:a87c54e72aa2ef30189dc74427421e074ab4561cf2bf314589f6af5b37f45e6d",
                "sha256:a892b5b1871b301ce20d40b037ffbe33d1407a39639c2b05356acfef5536d26a",
                "sha256:a8acc9dedd304da161eb071cc7ff1326aa5b66aadec9622b2574ad3ffe225525",
                "sha256:aaafc776e5edc72b3cad1ccedb5fd869cc5c9a591f1213aa9eba31a781be9ac1",
                "sha256:acafc4368b289a9f291e204d2c4c75908557d4f36bd3ae937914d4529bf62a76",
                "sha256:b0a5d7edb76c1c57b95df719af703e796fc8e796447a1da939f97bfa8a918d60",
                "sha256:b25afe9d5c4f60dcbbe2b277a79be114e2e65a16598db8abee2a2dcde24f162b",
                "sha256:b44c42edc07a50a081672e25dfe6022554b47f91e793066a7b601ca290f71e42",
                "sha256:b594b64e8568cf09ee5c9501ede37066b9fc41d83d58f55b9952e32141256acd",
                "sha256:b962700962f6e7a6bd77e5f37320cabac24b4c0f76afeac05e9f93cf0c620014",
                "sha256:bb128c30cf1df0ab78166ded1ecf876620fb9aac84d2413e8ea1594b588c735d",
                "sha256:bf9d42a71a4d7a7c1f14f629e5c30eac451a6fc81827d2beefd57d014c006c4a",
                "sha256:c6595b0d8c8711e8e1dc389d52648b923b809f68ac1c6f0baa525c6440aa0daa",
                "sha256:c8c6660089a25d45333cb9db56bb9e347241a6d7509838dbbd1931d0e19dbc7f",
                "sha256:c9d469204abcca28926cbc28ce98f28e50e488767b084fb3fbdf21af11d3de26",
                "sha256:d38bbcef58220f9c81e42c255ef0bf99735d8f11edef69ab0b499da77105158a",
                "sha256:d4eb77df2964b64ba190eee00b2312a1fd7a862af8918ec70fc2d6308f76ac64",
                "sha256:d63b7545d489422d417a0cae6f9898618669608750fc5e62156957e609e728a5",
                "sha256:d7050899026e708fb185e174c63ebc2c4ee7a0c17b0a96ebc50e1f76a231c057",
                "sha256:d79f1f2f7ebdb9b741296b69049ff44aedd95976bfee38eb4848820628a99b50",
                "sha256:d85463560c67fc65cd86153a4975d0b720b6d7725cf7ee0b2d291288433fc21b",
                "sha256:d9140ded382a5b04a1c030b593ed9bf3088243a0a8b7fa9f071a5736498c5483",
                "sha256:d9b4916b21931b08096efed090327f8fe78e09ae8f5ad44e07f5c72a7eedb51b",
                "sha256:df14f6332834444b4a37685810216cc8fe1fe91f447332cd56294c984ecbff1c",
                "sha256:e49ce7dc9f925e1fb010fc3d555250139df61fa6e5a0a95ce356329602c11ea9",
                "sha256:e61eae9b31799c32c5f9b7be906be3380e699e74b2db26c227c50a5fc7988698",
                "sha256:ea053cefa008fda40f92aab937fb9f183cf8752e41dbc7bc68917884454c6362",
                "sha256:f06e21ad0b504658a3a9edd3d8530e8cea5723f6ea5d280e8db8efc625b47e49",
                "sha256:f14546403c2a1d11a130b537dda28f07eb6c1805a43dae4617448074fd49c282",
                "sha256:f1a5d8f18877474c80b7711d870db0eeef9442691fcdb00adabfc97e183ee0b0",
                "sha256:f2969e8f72c6236c51f91fbb79c33821d12a811e2a94b7aa59c65f8dbdfad34a",
                "sha256:f468d520f47807d1eb5d27648393519655eadc578d5dd862d06873cce04c4d1b",
                "sha256:f70dc00a91311a1aea124e5f64569ea44c011b58433981313202c46bccbec0e1",
                "sha256:f93255b3e4d64785554e544c1c76cd32f4a354fa79e2eeca5d16ac2e7fdd57aa"
            ],
            "markers": "python_version >= '3.7'",
            "version": "==2.6.3"
        },
        "pyyaml": {
            "hashes": [
                "sha256:062582fca9fabdd2c8b54a3ef1c978d786e0f6b3a1510e0ac93ef59e0ddae2bc",
                "sha256:1635fd110e8d85d55237ab316b5b011de701ea0f29d07611174a1b42f1444741",
                "sha256:184c5108a2aca3c5b3d3bf9395d50893a7ab82a38004c8f61c258d4428e80206",
                "sha256:18aeb1bf9a78867dc38b259769503436b7c72f7a1f1f4c93ff9a17de54319b27",
                "sha256:1d4c7e777c441b20e32f52bd377e0c409713e8bb1386e1099c2415f26e479595",
                "sha256:1e2722cc9fbb45d9b87631ac70924c11d3a401b2d7f410cc0e3bbf249f2dca62",
                "sha256:1fe35611261b29bd1de0070f0b2f47cb6ff71fa6595c077e42bd0c419fa27b98",
                "sha256:28c119d996beec18c05208a8bd78cbe4007878c6dd15091efb73a30e90539696",
                "sha256:42f8152b8dbc4fe7d96729ec2b99c7097d656dc1213a3229ca5383f973a5ed6d",
                "sha256:4fb147e7a67ef577a588a0e2c17b6db51dda102c71de36f8549b6816a96e1867",
                "sha256:50550eb667afee136e9a77d6dc71ae76a44df8b3e51e41b77f6de2932bfe0f47",
                "sha256:510c9deebc5c0225e8c96813043e62b680ba2f9c50a08d3724c7f28a747d1486",
                "sha256:5773183b6446b2c99bb77e77595dd486303b4faab2b086e7b17bc6bef28865f6",
                "sha256:596106435fa6ad000c2991a98fa58eeb8656ef2325d7e158344fb33864ed87e3",
                "sha256:6965a7bc3cf88e5a1c3bd2e0b5c22f8d677dc88a455344035f03399034eb3007",
                "sha256:69b023b2b4daa7548bcfbd4aa3da05b3a74b772db9e23b982788168117739938",
                "sha256:704219a11b772aea0d8ecd7058d0082713c3562b4e271b849ad7dc4a5c90c13c",
                "sha256:7e07cbde391ba96ab58e532ff4803f79c4129397514e1413a7dc761ccd755735",
                "sha256:81e0b275a9ecc9c0c0c07b4b90ba548307583c125f54d5b6946cfee6360c733d",
                "sha256:9046c58c4395dff28dd494285c82ba00b546adfc7ef001486fbf0324bc174fba",
                "sha256:9eb6caa9a297fc2c2fb8862bc5370d0303ddba53ba97e71f08023b6cd73d16a8",
                "sha256:a0cd17c15d3bb3fa06978b4e8958dcdc6e0174ccea823003a106c7d4d7899ac5",
                "sha256:afd7e57eddb1a54f0f1a974bc4391af8bcce0b444685d936840f125cf046d5bd",
                "sha256:b1275ad35a5d18c62a7220633c913e1b42d44b46ee12554e5fd39c70a243d6a3",
                "sha256:b786eecbdf8499b9ca1d697215862083bd6d2a99965554781d0d8d1ad31e13a0",
                "sha256:ba336e390cd8e4d1739f42dfe9bb83a3cc2e80f567d8805e11b46f4a943f5515",
                "sha256:baa90d3f661d43131ca170712d903e6295d1f7a0f595074f151c0aed377c9b9c",
                "sha256:bc1bf2925a1ecd43da378f4db9e4f799775d6367bdb94671027b73b393a7c42c",
                "sha256:bd4af7373a854424dabd882decdc5579653d7868b8fb26dc7d0e99f823aa5924",
                "sha256:bf07ee2fef7014951eeb99f56f39c9bb4af143d8aa3c21b1677805985307da34",
                "sha256:bfdf460b1736c775f2ba9f6a92bca30bc2095067b8a9d77876d1fad6cc3b4a43",
                "sha256:c8098ddcc2a85b61647b2590f825f3db38891662cfc2fc776415143f599bb859",
                "sha256:d2b04aac4d386b172d5b9692e2d2da8de7bfb6c387fa4f801fbf6fb2e6ba4673",
                "sha256:d858aa552c999bc8a8d57426ed01e40bef403cd8ccdd0fc5f6f04a00414cac2a",
                "sha256:f003ed9ad21d6a4713f0a9b5a7a0a79e08dd0f221aff4525a2be4c346ee60aab",
                "sha256:f22ac1c3cac4dbc50079e965eba2c1058622631e526bd9afd45fedd49ba781fa",
                "sha256:faca3bdcf85b2fc05d06ff3fbc1f83e1391b3e724afa3feba7d13eeab355484c",
                "sha256:fca0e3a251908a499833aa292323f32437106001d436eca0e6e7833256674585",
                "sha256:fd1592b3fdf65fff2ad0004b5e363300ef59ced41c2e6b3a99d4089fa8c5435d",
                "sha256:fd66fc5d0da6d9815ba2cebeb4205f95818ff4b79c3ebe268e75d961704af52f"
            ],
            "index": "pypi",
            "version": "==6.0.1"
        },
        "sniffio": {
            "hashes": [
                "sha256:e60305c5e5d314f5389259b7f22aaa33d8f7dee49763119234af3755c55b9101",
                "sha256:eecefdce1e5bbfb7ad2eeaabf7c1eeb404d7757c379bd1f7e5cce9d8bf425384"
            ],
            "markers": "python_version >= '3.7'",
            "version": "==1.3.0"
        },
        "tenacity": {
            "hashes": [
                "sha256:5398ef0d78e63f40007c1fb4c0bff96e1911394d2fa8d194f77619c05ff6cc8a",
                "sha256:ce510e327a630c9e1beaf17d42e6ffacc88185044ad85cf74c0a8887c6a0f88c"
            ],
            "index": "pypi",
            "version": "==8.2.3"
        },
        "typing-extensions": {
            "hashes": [
                "sha256:440d5dd3af93b060174bf433bccd69b0babc3b15b1a8dca43789fd7f61514b36",
                "sha256:b75ddc264f0ba5615db7ba217daeb99701ad295353c45f9e95963337ceeeffb2"
            ],
            "markers": "python_version >= '3.7'",
            "version": "==4.7.1"
        }
    },
    "develop": {
        "anyio": {
            "hashes": [
                "sha256:44a3c9aba0f5defa43261a8b3efb97891f2bd7d804e0e1f56419befa1adfc780",
                "sha256:91dee416e570e92c64041bd18b900d1d6fa78dff7048769ce5ac5ddad004fbb5"
            ],
            "markers": "python_version >= '3.7'",
            "version": "==3.7.1"
        },
        "asttokens": {
            "hashes": [
                "sha256:4622110b2a6f30b77e1473affaa97e711bc2f07d3f10848420ff1898edbe94f3",
                "sha256:6b0ac9e93fb0335014d382b8fa9b3afa7df546984258005da0b9e7095b3deb1c"
            ],
            "version": "==2.2.1"
        },
        "backcall": {
            "hashes": [
                "sha256:5cbdbf27be5e7cfadb448baf0aa95508f91f2bbc6c6437cd9cd06e2a4c215e1e",
                "sha256:fbbce6a29f263178a1f7915c1940bde0ec2b2a967566fe1c65c1dfb7422bd255"
            ],
            "version": "==0.2.0"
        },
        "bump2version": {
            "hashes": [
                "sha256:37f927ea17cde7ae2d7baf832f8e80ce3777624554a653006c9144f8017fe410",
                "sha256:762cb2bfad61f4ec8e2bdf452c7c267416f8c70dd9ecb1653fd0bbb01fa936e6"
            ],
            "markers": "python_version >= '3.5'",
            "version": "==1.0.1"
        },
        "bumpversion": {
            "hashes": [
                "sha256:4ba55e4080d373f80177b4dabef146c07ce73c7d1377aabf9d3c3ae1f94584a6",
                "sha256:4eb3267a38194d09f048a2179980bb4803701969bff2c85fa8f6d1ce050be15e"
            ],
            "index": "pypi",
            "version": "==0.6.0"
        },
        "certifi": {
            "hashes": [
                "sha256:539cc1d13202e33ca466e88b2807e29f4c13049d6d87031a3c110744495cb082",
                "sha256:92d6037539857d8206b8f6ae472e8b77db8058fec5937a1ef3f54304089edbb9"
            ],
            "markers": "python_version >= '3.6'",
            "version": "==2023.7.22"
        },
        "coverage": {
            "extras": [
                "toml"
            ],
            "hashes": [
                "sha256:07ea61bcb179f8f05ffd804d2732b09d23a1238642bf7e51dad62082b5019b34",
                "sha256:1084393c6bda8875c05e04fce5cfe1301a425f758eb012f010eab586f1f3905e",
                "sha256:13c6cbbd5f31211d8fdb477f0f7b03438591bdd077054076eec362cf2207b4a7",
                "sha256:211a4576e984f96d9fce61766ffaed0115d5dab1419e4f63d6992b480c2bd60b",
                "sha256:2d22172f938455c156e9af2612650f26cceea47dc86ca048fa4e0b2d21646ad3",
                "sha256:34f9f0763d5fa3035a315b69b428fe9c34d4fc2f615262d6be3d3bf3882fb985",
                "sha256:3558e5b574d62f9c46b76120a5c7c16c4612dc2644c3d48a9f4064a705eaee95",
                "sha256:36ce5d43a072a036f287029a55b5c6a0e9bd73db58961a273b6dc11a2c6eb9c2",
                "sha256:37d5576d35fcb765fca05654f66aa71e2808d4237d026e64ac8b397ffa66a56a",
                "sha256:3c9834d5e3df9d2aba0275c9f67989c590e05732439b3318fa37a725dff51e74",
                "sha256:438856d3f8f1e27f8e79b5410ae56650732a0dcfa94e756df88c7e2d24851fcd",
                "sha256:477c9430ad5d1b80b07f3c12f7120eef40bfbf849e9e7859e53b9c93b922d2af",
                "sha256:49ab200acf891e3dde19e5aa4b0f35d12d8b4bd805dc0be8792270c71bd56c54",
                "sha256:49dbb19cdcafc130f597d9e04a29d0a032ceedf729e41b181f51cd170e6ee865",
                "sha256:4c8e31cf29b60859876474034a83f59a14381af50cbe8a9dbaadbf70adc4b214",
                "sha256:4eddd3153d02204f22aef0825409091a91bf2a20bce06fe0f638f5c19a85de54",
                "sha256:5247bab12f84a1d608213b96b8af0cbb30d090d705b6663ad794c2f2a5e5b9fe",
                "sha256:5492a6ce3bdb15c6ad66cb68a0244854d9917478877a25671d70378bdc8562d0",
                "sha256:56afbf41fa4a7b27f6635bc4289050ac3ab7951b8a821bca46f5b024500e6321",
                "sha256:59777652e245bb1e300e620ce2bef0d341945842e4eb888c23a7f1d9e143c446",
                "sha256:60f64e2007c9144375dd0f480a54d6070f00bb1a28f65c408370544091c9bc9e",
                "sha256:63c5b8ecbc3b3d5eb3a9d873dec60afc0cd5ff9d9f1c75981d8c31cfe4df8527",
                "sha256:68d8a0426b49c053013e631c0cdc09b952d857efa8f68121746b339912d27a12",
                "sha256:74c160285f2dfe0acf0f72d425f3e970b21b6de04157fc65adc9fd07ee44177f",
                "sha256:7a9baf8e230f9621f8e1d00c580394a0aa328fdac0df2b3f8384387c44083c0f",
                "sha256:7df91fb24c2edaabec4e0eee512ff3bc6ec20eb8dccac2e77001c1fe516c0c84",
                "sha256:7f297e0c1ae55300ff688568b04ff26b01c13dfbf4c9d2b7d0cb688ac60df479",
                "sha256:80501d1b2270d7e8daf1b64b895745c3e234289e00d5f0e30923e706f110334e",
                "sha256:85b7335c22455ec12444cec0d600533a238d6439d8d709d545158c1208483873",
                "sha256:887665f00ea4e488501ba755a0e3c2cfd6278e846ada3185f42d391ef95e7e70",
                "sha256:8f39c49faf5344af36042b293ce05c0d9004270d811c7080610b3e713251c9b0",
                "sha256:90b6e2f0f66750c5a1178ffa9370dec6c508a8ca5265c42fbad3ccac210a7977",
                "sha256:96d7d761aea65b291a98c84e1250cd57b5b51726821a6f2f8df65db89363be51",
                "sha256:97af9554a799bd7c58c0179cc8dbf14aa7ab50e1fd5fa73f90b9b7215874ba28",
                "sha256:97c44f4ee13bce914272589b6b41165bbb650e48fdb7bd5493a38bde8de730a1",
                "sha256:a67e6bbe756ed458646e1ef2b0778591ed4d1fcd4b146fc3ba2feb1a7afd4254",
                "sha256:ac0dec90e7de0087d3d95fa0533e1d2d722dcc008bc7b60e1143402a04c117c1",
                "sha256:ad0f87826c4ebd3ef484502e79b39614e9c03a5d1510cfb623f4a4a051edc6fd",
                "sha256:b3eb0c93e2ea6445b2173da48cb548364f8f65bf68f3d090404080d338e3a689",
                "sha256:b543302a3707245d454fc49b8ecd2c2d5982b50eb63f3535244fd79a4be0c99d",
                "sha256:b859128a093f135b556b4765658d5d2e758e1fae3e7cc2f8c10f26fe7005e543",
                "sha256:bac329371d4c0d456e8d5f38a9b0816b446581b5f278474e416ea0c68c47dcd9",
                "sha256:c02cfa6c36144ab334d556989406837336c1d05215a9bdf44c0bc1d1ac1cb637",
                "sha256:c9737bc49a9255d78da085fa04f628a310c2332b187cd49b958b0e494c125071",
                "sha256:ccc51713b5581e12f93ccb9c5e39e8b5d4b16776d584c0f5e9e4e63381356482",
                "sha256:ce2ee86ca75f9f96072295c5ebb4ef2a43cecf2870b0ca5e7a1cbdd929cf67e1",
                "sha256:d000a739f9feed900381605a12a61f7aaced6beae832719ae0d15058a1e81c1b",
                "sha256:db76a1bcb51f02b2007adacbed4c88b6dee75342c37b05d1822815eed19edee5",
                "sha256:e2ac9a1de294773b9fa77447ab7e529cf4fe3910f6a0832816e5f3d538cfea9a",
                "sha256:e61260ec93f99f2c2d93d264b564ba912bec502f679793c56f678ba5251f0393",
                "sha256:fac440c43e9b479d1241fe9d768645e7ccec3fb65dc3a5f6e90675e75c3f3e3a",
                "sha256:fc0ed8d310afe013db1eedd37176d0839dc66c96bcfcce8f6607a73ffea2d6ba"
            ],
            "markers": "python_version >= '3.8'",
            "version": "==7.3.0"
        },
        "decorator": {
            "hashes": [
                "sha256:637996211036b6385ef91435e4fae22989472f9d571faba8927ba8253acbc330",
                "sha256:b8c3f85900b9dc423225913c5aace94729fe1fa9763b38939a95226f02d37186"
            ],
            "markers": "python_version >= '3.5'",
            "version": "==5.1.1"
        },
        "exceptiongroup": {
            "hashes": [
                "sha256:097acd85d473d75af5bb98e41b61ff7fe35efe6675e4f9370ec6ec5126d160e9",
                "sha256:343280667a4585d195ca1cf9cef84a4e178c4b6cf2274caef9859782b567d5e3"
            ],
            "markers": "python_version < '3.11'",
            "version": "==1.1.3"
        },
        "executing": {
            "hashes": [
                "sha256:0314a69e37426e3608aada02473b4161d4caf5a4b244d1d0c48072b8fee7bacc",
                "sha256:19da64c18d2d851112f09c287f8d3dbbdf725ab0e569077efb6cdcbd3497c107"
            ],
            "version": "==1.2.0"
        },
        "h11": {
            "hashes": [
                "sha256:8f19fbbe99e72420ff35c00b27a34cb9937e902a8b810e2c88300c6f0a3b699d",
                "sha256:e3fe4ac4b851c468cc8363d500db52c2ead036020723024a109d37346efaa761"
            ],
            "markers": "python_version >= '3.7'",
            "version": "==0.14.0"
        },
        "httpcore": {
            "hashes": [
                "sha256:a6f30213335e34c1ade7be6ec7c47f19f50c56db36abef1a9dfa3815b1cb3888",
                "sha256:c2789b767ddddfa2a5782e3199b2b7f6894540b17b16ec26b2c4d8e103510b87"
            ],
            "markers": "python_version >= '3.7'",
            "version": "==0.17.3"
        },
        "httpx": {
            "hashes": [
                "sha256:06781eb9ac53cde990577af654bd990a4949de37a28bdb4a230d434f3a30b9bd",
                "sha256:5853a43053df830c20f8110c5e69fe44d035d850b2dfe795e196f00fdb774bdd"
            ],
            "index": "pypi",
            "version": "==0.24.1"
        },
        "idna": {
            "hashes": [
                "sha256:814f528e8dead7d329833b91c5faa87d60bf71824cd12a7530b5526063d02cb4",
                "sha256:90b77e79eaa3eba6de819a0c442c0b4ceefc341a7a2ab77d7562bf49f425c5c2"
            ],
            "markers": "python_version >= '3.5'",
            "version": "==3.4"
        },
        "iniconfig": {
            "hashes": [
                "sha256:2d91e135bf72d31a410b17c16da610a82cb55f6b0477d1a902134b24a455b8b3",
                "sha256:b6a85871a79d2e3b22d2d1b94ac2824226a63c6b741c88f7ae975f18b6778374"
            ],
            "markers": "python_version >= '3.7'",
            "version": "==2.0.0"
        },
        "ipython": {
            "hashes": [
                "sha256:1d197b907b6ba441b692c48cf2a3a2de280dc0ac91a3405b39349a50272ca0a1",
                "sha256:248aca623f5c99a6635bc3857677b7320b9b8039f99f070ee0d20a5ca5a8e6bf"
            ],
            "index": "pypi",
            "version": "==8.14.0"
        },
        "isort": {
            "hashes": [
                "sha256:8bef7dde241278824a6d83f44a544709b065191b95b6e50894bdc722fcba0504",
                "sha256:f84c2818376e66cf843d497486ea8fed8700b340f308f076c6fb1229dff318b6"
            ],
            "index": "pypi",
            "version": "==5.12.0"
        },
        "jedi": {
            "hashes": [
                "sha256:bcf9894f1753969cbac8022a8c2eaee06bfa3724e4192470aaffe7eb6272b0c4",
                "sha256:cb8ce23fbccff0025e9386b5cf85e892f94c9b822378f8da49970471335ac64e"
            ],
            "markers": "python_version >= '3.6'",
            "version": "==0.19.0"
        },
        "matplotlib-inline": {
            "hashes": [
                "sha256:f1f41aab5328aa5aaea9b16d083b128102f8712542f819fe7e6a420ff581b311",
                "sha256:f887e5f10ba98e8d2b150ddcf4702c1e5f8b3a20005eb0f74bfdbd360ee6f304"
            ],
            "markers": "python_version >= '3.5'",
            "version": "==0.1.6"
        },
        "mypy": {
            "hashes": [
                "sha256:159aa9acb16086b79bbb0016145034a1a05360626046a929f84579ce1666b315",
                "sha256:258b22210a4a258ccd077426c7a181d789d1121aca6db73a83f79372f5569ae0",
                "sha256:26f71b535dfc158a71264e6dc805a9f8d2e60b67215ca0bfa26e2e1aa4d4d373",
                "sha256:26fb32e4d4afa205b24bf645eddfbb36a1e17e995c5c99d6d00edb24b693406a",
                "sha256:2fc3a600f749b1008cc75e02b6fb3d4db8dbcca2d733030fe7a3b3502902f161",
                "sha256:32cb59609b0534f0bd67faebb6e022fe534bdb0e2ecab4290d683d248be1b275",
                "sha256:330857f9507c24de5c5724235e66858f8364a0693894342485e543f5b07c8693",
                "sha256:361da43c4f5a96173220eb53340ace68cda81845cd88218f8862dfb0adc8cddb",
                "sha256:4a465ea2ca12804d5b34bb056be3a29dc47aea5973b892d0417c6a10a40b2d65",
                "sha256:51cb1323064b1099e177098cb939eab2da42fea5d818d40113957ec954fc85f4",
                "sha256:57b10c56016adce71fba6bc6e9fd45d8083f74361f629390c556738565af8eeb",
                "sha256:596fae69f2bfcb7305808c75c00f81fe2829b6236eadda536f00610ac5ec2243",
                "sha256:5d627124700b92b6bbaa99f27cbe615c8ea7b3402960f6372ea7d65faf376c14",
                "sha256:6ac9c21bfe7bc9f7f1b6fae441746e6a106e48fc9de530dea29e8cd37a2c0cc4",
                "sha256:82cb6193de9bbb3844bab4c7cf80e6227d5225cc7625b068a06d005d861ad5f1",
                "sha256:8f772942d372c8cbac575be99f9cc9d9fb3bd95c8bc2de6c01411e2c84ebca8a",
                "sha256:9fece120dbb041771a63eb95e4896791386fe287fefb2837258925b8326d6160",
                "sha256:a156e6390944c265eb56afa67c74c0636f10283429171018446b732f1a05af25",
                "sha256:a9ec1f695f0c25986e6f7f8778e5ce61659063268836a38c951200c57479cc12",
                "sha256:abed92d9c8f08643c7d831300b739562b0a6c9fcb028d211134fc9ab20ccad5d",
                "sha256:b031b9601f1060bf1281feab89697324726ba0c0bae9d7cd7ab4b690940f0b92",
                "sha256:c543214ffdd422623e9fedd0869166c2f16affe4ba37463975043ef7d2ea8770",
                "sha256:d28ddc3e3dfeab553e743e532fb95b4e6afad51d4706dd22f28e1e5e664828d2",
                "sha256:f33592ddf9655a4894aef22d134de7393e95fcbdc2d15c1ab65828eee5c66c70",
                "sha256:f6b0e77db9ff4fda74de7df13f30016a0a663928d669c9f2c057048ba44f09bb",
                "sha256:f757063a83970d67c444f6e01d9550a7402322af3557ce7630d3c957386fa8f5",
                "sha256:ff0cedc84184115202475bbb46dd99f8dcb87fe24d5d0ddfc0fe6b8575c88d2f"
            ],
            "index": "pypi",
            "version": "==1.5.1"
        },
        "mypy-extensions": {
            "hashes": [
                "sha256:4392f6c0eb8a5668a69e23d168ffa70f0be9ccfd32b5cc2d26a34ae5b844552d",
                "sha256:75dbf8955dc00442a438fc4d0666508a9a97b6bd41aa2f0ffe9d2f2725af0782"
            ],
            "markers": "python_version >= '3.5'",
            "version": "==1.0.0"
        },
        "packaging": {
            "hashes": [
                "sha256:994793af429502c4ea2ebf6bf664629d07c1a9fe974af92966e4b8d2df7edc61",
                "sha256:a392980d2b6cffa644431898be54b0045151319d1e7ec34f0cfed48767dd334f"
            ],
            "markers": "python_version >= '3.7'",
            "version": "==23.1"
        },
        "parso": {
            "hashes": [
                "sha256:8c07be290bb59f03588915921e29e8a50002acaf2cdc5fa0e0114f91709fafa0",
                "sha256:c001d4636cd3aecdaf33cbb40aebb59b094be2a74c556778ef5576c175e19e75"
            ],
            "markers": "python_version >= '3.6'",
            "version": "==0.8.3"
        },
        "pexpect": {
            "hashes": [
                "sha256:0b48a55dcb3c05f3329815901ea4fc1537514d6ba867a152b581d69ae3710937",
                "sha256:fc65a43959d153d0114afe13997d439c22823a27cefceb5ff35c2178c6784c0c"
            ],
            "markers": "sys_platform != 'win32'",
            "version": "==4.8.0"
        },
        "pickleshare": {
            "hashes": [
                "sha256:87683d47965c1da65cdacaf31c8441d12b8044cdec9aca500cd78fc2c683afca",
                "sha256:9649af414d74d4df115d5d718f82acb59c9d418196b7b4290ed47a12ce62df56"
            ],
            "version": "==0.7.5"
        },
        "pluggy": {
            "hashes": [
                "sha256:cf61ae8f126ac6f7c451172cf30e3e43d3ca77615509771b3a984a0730651e12",
                "sha256:d89c696a773f8bd377d18e5ecda92b7a3793cbe66c87060a6fb58c7b6e1061f7"
            ],
            "markers": "python_version >= '3.8'",
            "version": "==1.3.0"
        },
        "prompt-toolkit": {
            "hashes": [
                "sha256:04505ade687dc26dc4284b1ad19a83be2f2afe83e7a828ace0c72f3a1df72aac",
                "sha256:9dffbe1d8acf91e3de75f3b544e4842382fc06c6babe903ac9acb74dc6e08d88"
            ],
            "markers": "python_full_version >= '3.7.0'",
            "version": "==3.0.39"
        },
        "ptyprocess": {
            "hashes": [
                "sha256:4b41f3967fce3af57cc7e94b888626c18bf37a083e3651ca8feeb66d492fef35",
                "sha256:5c5d0a3b48ceee0b48485e0c26037c0acd7d29765ca3fbb5cb3831d347423220"
            ],
            "version": "==0.7.0"
        },
        "pure-eval": {
            "hashes": [
                "sha256:01eaab343580944bc56080ebe0a674b39ec44a945e6d09ba7db3cb8cec289350",
                "sha256:2b45320af6dfaa1750f543d714b6d1c520a1688dec6fd24d339063ce0aaa9ac3"
            ],
            "version": "==0.2.2"
        },
        "py": {
            "hashes": [
                "sha256:51c75c4126074b472f746a24399ad32f6053d1b34b68d2fa41e558e6f4a98719",
                "sha256:607c53218732647dff4acdfcd50cb62615cedf612e72d1724fb1a0cc6405b378"
            ],
            "markers": "python_version >= '2.7' and python_version not in '3.0, 3.1, 3.2, 3.3, 3.4'",
            "version": "==1.11.0"
        },
        "pycodestyle": {
            "hashes": [
                "sha256:259bcc17857d8a8b3b4a2327324b79e5f020a13c16074670f9c8c8f872ea76d0",
                "sha256:5d1013ba8dc7895b548be5afb05740ca82454fd899971563d2ef625d090326f8"
            ],
            "markers": "python_version >= '3.8'",
            "version": "==2.11.0"
        },
        "pygments": {
            "hashes": [
                "sha256:13fc09fa63bc8d8671a6d247e1eb303c4b343eaee81d861f3404db2935653692",
                "sha256:1daff0494820c69bc8941e407aa20f577374ee88364ee10a98fdbe0aece96e29"
            ],
            "markers": "python_version >= '3.7'",
            "version": "==2.16.1"
        },
        "pytest": {
            "hashes": [
                "sha256:78bf16451a2eb8c7a2ea98e32dc119fd2aa758f1d5d66dbf0a59d69a3969df32",
                "sha256:b4bf8c45bd59934ed84001ad51e11b4ee40d40a1229d2c79f9c592b0a3f6bd8a"
            ],
            "index": "pypi",
            "version": "==7.4.0"
        },
        "pytest-asyncio": {
            "hashes": [
                "sha256:40a7eae6dded22c7b604986855ea48400ab15b069ae38116e8c01238e9eeb64d",
                "sha256:8666c1c8ac02631d7c51ba282e0c69a8a452b211ffedf2599099845da5c5c37b"
            ],
            "index": "pypi",
            "version": "==0.21.1"
        },
        "pytest-cov": {
            "hashes": [
                "sha256:3904b13dfbfec47f003b8e77fd5b589cd11904a21ddf1ab38a64f204d6a10ef6",
                "sha256:6ba70b9e97e69fcc3fb45bfeab2d0a138fb65c4d0d6a41ef33983ad114be8c3a"
            ],
            "index": "pypi",
            "version": "==4.1.0"
        },
        "pytest-pycodestyle": {
            "hashes": [
                "sha256:2901327b8e6beab90298a9803074483efe560e191bef81d9e18119b141222830"
            ],
            "index": "pypi",
            "version": "==2.3.1"
        },
        "respx": {
            "hashes": [
                "sha256:07cf4108b1c88b82010f67d3c831dae33a375c7b436e54d87737c7f9f99be643",
                "sha256:ab8e1cf6da28a5b2dd883ea617f8130f77f676736e6e9e4a25817ad116a172c9"
            ],
            "index": "pypi",
            "version": "==0.20.2"
        },
        "sh": {
            "hashes": [
                "sha256:9b2998f313f201c777e2c0061f0b1367497097ef13388595be147e2a00bf7ba1",
                "sha256:ced8f2e081a858b66a46ace3703dec243779abbd5a1887ba7e3c34f34da70cd2"
            ],
            "index": "pypi",
            "version": "==2.0.6"
        },
        "six": {
            "hashes": [
                "sha256:1e61c37477a1626458e36f7b1d82aa5c9b094fa4802892072e49de9c60c4c926",
                "sha256:8abb2f1d86890a2dfb989f9a77cfcfd3e47c2a354b01111771326f8aa26e0254"
            ],
            "markers": "python_version >= '2.7' and python_version not in '3.0, 3.1, 3.2, 3.3'",
            "version": "==1.16.0"
        },
        "sniffio": {
            "hashes": [
                "sha256:e60305c5e5d314f5389259b7f22aaa33d8f7dee49763119234af3755c55b9101",
                "sha256:eecefdce1e5bbfb7ad2eeaabf7c1eeb404d7757c379bd1f7e5cce9d8bf425384"
            ],
            "markers": "python_version >= '3.7'",
            "version": "==1.3.0"
        },
        "stack-data": {
            "hashes": [
                "sha256:32d2dd0376772d01b6cb9fc996f3c8b57a357089dec328ed4b6553d037eaf815",
                "sha256:cbb2a53eb64e5785878201a97ed7c7b94883f48b87bfb0bbe8b623c74679e4a8"
            ],
            "version": "==0.6.2"
        },
        "tomli": {
            "hashes": [
                "sha256:939de3e7a6161af0c887ef91b7d41a53e7c5a1ca976325f429cb46ea9bc30ecc",
                "sha256:de526c12914f0c550d15924c62d72abc48d6fe7364aa87328337a31007fe8a4f"
            ],
            "markers": "python_version < '3.11'",
            "version": "==2.0.1"
        },
        "traitlets": {
            "hashes": [
                "sha256:9e6ec080259b9a5940c797d58b613b5e31441c2257b87c2e795c5228ae80d2d8",
                "sha256:f6cde21a9c68cf756af02035f72d5a723bf607e862e7be33ece505abf4a3bad9"
            ],
            "markers": "python_version >= '3.7'",
            "version": "==5.9.0"
        },
        "types-pyyaml": {
            "hashes": [
                "sha256:7d340b19ca28cddfdba438ee638cd4084bde213e501a3978738543e27094775b",
                "sha256:a461508f3096d1d5810ec5ab95d7eeecb651f3a15b71959999988942063bf01d"
            ],
            "index": "pypi",
            "version": "==6.0.12.11"
        },
        "typing-extensions": {
            "hashes": [
                "sha256:440d5dd3af93b060174bf433bccd69b0babc3b15b1a8dca43789fd7f61514b36",
                "sha256:b75ddc264f0ba5615db7ba217daeb99701ad295353c45f9e95963337ceeeffb2"
            ],
            "markers": "python_version >= '3.7'",
            "version": "==4.7.1"
        },
        "wcwidth": {
            "hashes": [
                "sha256:795b138f6875577cd91bba52baf9e445cd5118fd32723b460e30a0af30ea230e",
                "sha256:a5220780a404dbe3353789870978e472cfe477761f06ee55077256e509b156d0"
            ],
            "version": "==0.2.6"
        }
    }
}
